// !$*UTF8*$!
{
	archiveVersion = 1;
	classes = {
	};
	objectVersion = 55;
	objects = {

/* Begin PBXBuildFile section */
		642228CF271947E9007AB370 /* AppDelegate.swift in Sources */ = {isa = PBXBuildFile; fileRef = 642228CE271947E9007AB370 /* AppDelegate.swift */; };
		642228D1271947E9007AB370 /* SceneDelegate.swift in Sources */ = {isa = PBXBuildFile; fileRef = 642228D0271947E9007AB370 /* SceneDelegate.swift */; };
		642228D3271947E9007AB370 /* ViewController.swift in Sources */ = {isa = PBXBuildFile; fileRef = 642228D2271947E9007AB370 /* ViewController.swift */; };
		642228D6271947E9007AB370 /* Main.storyboard in Resources */ = {isa = PBXBuildFile; fileRef = 642228D4271947E9007AB370 /* Main.storyboard */; };
		642228D8271947EB007AB370 /* Assets.xcassets in Resources */ = {isa = PBXBuildFile; fileRef = 642228D7271947EB007AB370 /* Assets.xcassets */; };
		642228DB271947EB007AB370 /* LaunchScreen.storyboard in Resources */ = {isa = PBXBuildFile; fileRef = 642228D9271947EB007AB370 /* LaunchScreen.storyboard */; };
		642228E327194BFF007AB370 /* TvShowInformation.swift in Sources */ = {isa = PBXBuildFile; fileRef = 642228E227194BFF007AB370 /* TvShowInformation.swift */; };
		642228E527194CC0007AB370 /* TvShow.swift in Sources */ = {isa = PBXBuildFile; fileRef = 642228E427194CC0007AB370 /* TvShow.swift */; };
		642228E727194EBC007AB370 /* TvShowTableViewCell.swift in Sources */ = {isa = PBXBuildFile; fileRef = 642228E627194EBC007AB370 /* TvShowTableViewCell.swift */; };
		642228E927195E09007AB370 /* TvShowSearchViewController.swift in Sources */ = {isa = PBXBuildFile; fileRef = 642228E827195E09007AB370 /* TvShowSearchViewController.swift */; };
		642228EB27195FBA007AB370 /* TvShowDetailViewController.swift in Sources */ = {isa = PBXBuildFile; fileRef = 642228EA27195FBA007AB370 /* TvShowDetailViewController.swift */; };
		644D2CC3271BF3370017D17A /* TvShowSearchTableViewCell.swift in Sources */ = {isa = PBXBuildFile; fileRef = 644D2CC2271BF3370017D17A /* TvShowSearchTableViewCell.swift */; };
		64630D4E271D88BC00D20B1B /* TvShowDetailTableViewCell.swift in Sources */ = {isa = PBXBuildFile; fileRef = 64630D4D271D88BC00D20B1B /* TvShowDetailTableViewCell.swift */; };
/* End PBXBuildFile section */

/* Begin PBXFileReference section */
		642228CB271947E9007AB370 /* TrendMediaProject.app */ = {isa = PBXFileReference; explicitFileType = wrapper.application; includeInIndex = 0; path = TrendMediaProject.app; sourceTree = BUILT_PRODUCTS_DIR; };
		642228CE271947E9007AB370 /* AppDelegate.swift */ = {isa = PBXFileReference; lastKnownFileType = sourcecode.swift; path = AppDelegate.swift; sourceTree = "<group>"; };
		642228D0271947E9007AB370 /* SceneDelegate.swift */ = {isa = PBXFileReference; lastKnownFileType = sourcecode.swift; path = SceneDelegate.swift; sourceTree = "<group>"; };
		642228D2271947E9007AB370 /* ViewController.swift */ = {isa = PBXFileReference; lastKnownFileType = sourcecode.swift; path = ViewController.swift; sourceTree = "<group>"; };
		642228D5271947E9007AB370 /* Base */ = {isa = PBXFileReference; lastKnownFileType = file.storyboard; name = Base; path = Base.lproj/Main.storyboard; sourceTree = "<group>"; };
		642228D7271947EB007AB370 /* Assets.xcassets */ = {isa = PBXFileReference; lastKnownFileType = folder.assetcatalog; path = Assets.xcassets; sourceTree = "<group>"; };
		642228DA271947EB007AB370 /* Base */ = {isa = PBXFileReference; lastKnownFileType = file.storyboard; name = Base; path = Base.lproj/LaunchScreen.storyboard; sourceTree = "<group>"; };
		642228DC271947EB007AB370 /* Info.plist */ = {isa = PBXFileReference; lastKnownFileType = text.plist.xml; path = Info.plist; sourceTree = "<group>"; };
		642228E227194BFF007AB370 /* TvShowInformation.swift */ = {isa = PBXFileReference; lastKnownFileType = sourcecode.swift; path = TvShowInformation.swift; sourceTree = "<group>"; };
		642228E427194CC0007AB370 /* TvShow.swift */ = {isa = PBXFileReference; lastKnownFileType = sourcecode.swift; path = TvShow.swift; sourceTree = "<group>"; };
		642228E627194EBC007AB370 /* TvShowTableViewCell.swift */ = {isa = PBXFileReference; lastKnownFileType = sourcecode.swift; path = TvShowTableViewCell.swift; sourceTree = "<group>"; };
		642228E827195E09007AB370 /* TvShowSearchViewController.swift */ = {isa = PBXFileReference; lastKnownFileType = sourcecode.swift; path = TvShowSearchViewController.swift; sourceTree = "<group>"; };
		642228EA27195FBA007AB370 /* TvShowDetailViewController.swift */ = {isa = PBXFileReference; lastKnownFileType = sourcecode.swift; path = TvShowDetailViewController.swift; sourceTree = "<group>"; };
		644D2CC2271BF3370017D17A /* TvShowSearchTableViewCell.swift */ = {isa = PBXFileReference; lastKnownFileType = sourcecode.swift; path = TvShowSearchTableViewCell.swift; sourceTree = "<group>"; };
		64630D4D271D88BC00D20B1B /* TvShowDetailTableViewCell.swift */ = {isa = PBXFileReference; lastKnownFileType = sourcecode.swift; path = TvShowDetailTableViewCell.swift; sourceTree = "<group>"; };
/* End PBXFileReference section */

/* Begin PBXFrameworksBuildPhase section */
		642228C8271947E9007AB370 /* Frameworks */ = {
			isa = PBXFrameworksBuildPhase;
			buildActionMask = 2147483647;
			files = (
			);
			runOnlyForDeploymentPostprocessing = 0;
		};
/* End PBXFrameworksBuildPhase section */

/* Begin PBXGroup section */
		642228C2271947E9007AB370 = {
			isa = PBXGroup;
			children = (
				642228CD271947E9007AB370 /* TrendMediaProject */,
				642228CC271947E9007AB370 /* Products */,
			);
			sourceTree = "<group>";
		};
		642228CC271947E9007AB370 /* Products */ = {
			isa = PBXGroup;
			children = (
				642228CB271947E9007AB370 /* TrendMediaProject.app */,
			);
			name = Products;
			sourceTree = "<group>";
		};
		642228CD271947E9007AB370 /* TrendMediaProject */ = {
			isa = PBXGroup;
			children = (
				642228CE271947E9007AB370 /* AppDelegate.swift */,
				642228D0271947E9007AB370 /* SceneDelegate.swift */,
				642228D2271947E9007AB370 /* ViewController.swift */,
				642228E627194EBC007AB370 /* TvShowTableViewCell.swift */,
				642228E227194BFF007AB370 /* TvShowInformation.swift */,
				642228E427194CC0007AB370 /* TvShow.swift */,
				642228D4271947E9007AB370 /* Main.storyboard */,
				642228E827195E09007AB370 /* TvShowSearchViewController.swift */,
				644D2CC2271BF3370017D17A /* TvShowSearchTableViewCell.swift */,
				642228EA27195FBA007AB370 /* TvShowDetailViewController.swift */,
				64630D4D271D88BC00D20B1B /* TvShowDetailTableViewCell.swift */,
				642228D7271947EB007AB370 /* Assets.xcassets */,
				642228D9271947EB007AB370 /* LaunchScreen.storyboard */,
				642228DC271947EB007AB370 /* Info.plist */,
			);
			path = TrendMediaProject;
			sourceTree = "<group>";
		};
/* End PBXGroup section */

/* Begin PBXNativeTarget section */
		642228CA271947E9007AB370 /* TrendMediaProject */ = {
			isa = PBXNativeTarget;
			buildConfigurationList = 642228DF271947EB007AB370 /* Build configuration list for PBXNativeTarget "TrendMediaProject" */;
			buildPhases = (
				642228C7271947E9007AB370 /* Sources */,
				642228C8271947E9007AB370 /* Frameworks */,
				642228C9271947E9007AB370 /* Resources */,
			);
			buildRules = (
			);
			dependencies = (
			);
			name = TrendMediaProject;
			productName = TrendMediaProject;
			productReference = 642228CB271947E9007AB370 /* TrendMediaProject.app */;
			productType = "com.apple.product-type.application";
		};
/* End PBXNativeTarget section */

/* Begin PBXProject section */
		642228C3271947E9007AB370 /* Project object */ = {
			isa = PBXProject;
			attributes = {
				BuildIndependentTargetsInParallel = 1;
				LastSwiftUpdateCheck = 1300;
				LastUpgradeCheck = 1300;
				TargetAttributes = {
					642228CA271947E9007AB370 = {
						CreatedOnToolsVersion = 13.0;
					};
				};
			};
			buildConfigurationList = 642228C6271947E9007AB370 /* Build configuration list for PBXProject "TrendMediaProject" */;
			compatibilityVersion = "Xcode 13.0";
			developmentRegion = en;
			hasScannedForEncodings = 0;
			knownRegions = (
				en,
				Base,
			);
			mainGroup = 642228C2271947E9007AB370;
			productRefGroup = 642228CC271947E9007AB370 /* Products */;
			projectDirPath = "";
			projectRoot = "";
			targets = (
				642228CA271947E9007AB370 /* TrendMediaProject */,
			);
		};
/* End PBXProject section */

/* Begin PBXResourcesBuildPhase section */
		642228C9271947E9007AB370 /* Resources */ = {
			isa = PBXResourcesBuildPhase;
			buildActionMask = 2147483647;
			files = (
				642228DB271947EB007AB370 /* LaunchScreen.storyboard in Resources */,
				642228D8271947EB007AB370 /* Assets.xcassets in Resources */,
				642228D6271947E9007AB370 /* Main.storyboard in Resources */,
			);
			runOnlyForDeploymentPostprocessing = 0;
		};
/* End PBXResourcesBuildPhase section */

/* Begin PBXSourcesBuildPhase section */
		642228C7271947E9007AB370 /* Sources */ = {
			isa = PBXSourcesBuildPhase;
			buildActionMask = 2147483647;
			files = (
				642228EB27195FBA007AB370 /* TvShowDetailViewController.swift in Sources */,
				642228E727194EBC007AB370 /* TvShowTableViewCell.swift in Sources */,
				642228D3271947E9007AB370 /* ViewController.swift in Sources */,
				642228CF271947E9007AB370 /* AppDelegate.swift in Sources */,
				642228E527194CC0007AB370 /* TvShow.swift in Sources */,
				64630D4E271D88BC00D20B1B /* TvShowDetailTableViewCell.swift in Sources */,
				642228E927195E09007AB370 /* TvShowSearchViewController.swift in Sources */,
				642228D1271947E9007AB370 /* SceneDelegate.swift in Sources */,
				642228E327194BFF007AB370 /* TvShowInformation.swift in Sources */,
				644D2CC3271BF3370017D17A /* TvShowSearchTableViewCell.swift in Sources */,
			);
			runOnlyForDeploymentPostprocessing = 0;
		};
/* End PBXSourcesBuildPhase section */

/* Begin PBXVariantGroup section */
		642228D4271947E9007AB370 /* Main.storyboard */ = {
			isa = PBXVariantGroup;
			children = (
				642228D5271947E9007AB370 /* Base */,
			);
			name = Main.storyboard;
			sourceTree = "<group>";
		};
		642228D9271947EB007AB370 /* LaunchScreen.storyboard */ = {
			isa = PBXVariantGroup;
			children = (
				642228DA271947EB007AB370 /* Base */,
			);
			name = LaunchScreen.storyboard;
			sourceTree = "<group>";
		};
/* End PBXVariantGroup section */

/* Begin XCBuildConfiguration section */
		642228DD271947EB007AB370 /* Debug */ = {
			isa = XCBuildConfiguration;
			buildSettings = {
				ALWAYS_SEARCH_USER_PATHS = NO;
				CLANG_ANALYZER_NONNULL = YES;
				CLANG_ANALYZER_NUMBER_OBJECT_CONVERSION = YES_AGGRESSIVE;
				CLANG_CXX_LANGUAGE_STANDARD = "gnu++17";
				CLANG_CXX_LIBRARY = "libc++";
				CLANG_ENABLE_MODULES = YES;
				CLANG_ENABLE_OBJC_ARC = YES;
				CLANG_ENABLE_OBJC_WEAK = YES;
				CLANG_WARN_BLOCK_CAPTURE_AUTORELEASING = YES;
				CLANG_WARN_BOOL_CONVERSION = YES;
				CLANG_WARN_COMMA = YES;
				CLANG_WARN_CONSTANT_CONVERSION = YES;
				CLANG_WARN_DEPRECATED_OBJC_IMPLEMENTATIONS = YES;
				CLANG_WARN_DIRECT_OBJC_ISA_USAGE = YES_ERROR;
				CLANG_WARN_DOCUMENTATION_COMMENTS = YES;
				CLANG_WARN_EMPTY_BODY = YES;
				CLANG_WARN_ENUM_CONVERSION = YES;
				CLANG_WARN_INFINITE_RECURSION = YES;
				CLANG_WARN_INT_CONVERSION = YES;
				CLANG_WARN_NON_LITERAL_NULL_CONVERSION = YES;
				CLANG_WARN_OBJC_IMPLICIT_RETAIN_SELF = YES;
				CLANG_WARN_OBJC_LITERAL_CONVERSION = YES;
				CLANG_WARN_OBJC_ROOT_CLASS = YES_ERROR;
				CLANG_WARN_QUOTED_INCLUDE_IN_FRAMEWORK_HEADER = YES;
				CLANG_WARN_RANGE_LOOP_ANALYSIS = YES;
				CLANG_WARN_STRICT_PROTOTYPES = YES;
				CLANG_WARN_SUSPICIOUS_MOVE = YES;
				CLANG_WARN_UNGUARDED_AVAILABILITY = YES_AGGRESSIVE;
				CLANG_WARN_UNREACHABLE_CODE = YES;
				CLANG_WARN__DUPLICATE_METHOD_MATCH = YES;
				COPY_PHASE_STRIP = NO;
				DEBUG_INFORMATION_FORMAT = dwarf;
				ENABLE_STRICT_OBJC_MSGSEND = YES;
				ENABLE_TESTABILITY = YES;
				GCC_C_LANGUAGE_STANDARD = gnu11;
				GCC_DYNAMIC_NO_PIC = NO;
				GCC_NO_COMMON_BLOCKS = YES;
				GCC_OPTIMIZATION_LEVEL = 0;
				GCC_PREPROCESSOR_DEFINITIONS = (
					"DEBUG=1",
					"$(inherited)",
				);
				GCC_WARN_64_TO_32_BIT_CONVERSION = YES;
				GCC_WARN_ABOUT_RETURN_TYPE = YES_ERROR;
				GCC_WARN_UNDECLARED_SELECTOR = YES;
				GCC_WARN_UNINITIALIZED_AUTOS = YES_AGGRESSIVE;
				GCC_WARN_UNUSED_FUNCTION = YES;
				GCC_WARN_UNUSED_VARIABLE = YES;
				IPHONEOS_DEPLOYMENT_TARGET = 15.0;
				MTL_ENABLE_DEBUG_INFO = INCLUDE_SOURCE;
				MTL_FAST_MATH = YES;
				ONLY_ACTIVE_ARCH = YES;
				SDKROOT = iphoneos;
				SWIFT_ACTIVE_COMPILATION_CONDITIONS = DEBUG;
				SWIFT_OPTIMIZATION_LEVEL = "-Onone";
			};
			name = Debug;
		};
		642228DE271947EB007AB370 /* Release */ = {
			isa = XCBuildConfiguration;
			buildSettings = {
				ALWAYS_SEARCH_USER_PATHS = NO;
				CLANG_ANALYZER_NONNULL = YES;
				CLANG_ANALYZER_NUMBER_OBJECT_CONVERSION = YES_AGGRESSIVE;
				CLANG_CXX_LANGUAGE_STANDARD = "gnu++17";
				CLANG_CXX_LIBRARY = "libc++";
				CLANG_ENABLE_MODULES = YES;
				CLANG_ENABLE_OBJC_ARC = YES;
				CLANG_ENABLE_OBJC_WEAK = YES;
				CLANG_WARN_BLOCK_CAPTURE_AUTORELEASING = YES;
				CLANG_WARN_BOOL_CONVERSION = YES;
				CLANG_WARN_COMMA = YES;
				CLANG_WARN_CONSTANT_CONVERSION = YES;
				CLANG_WARN_DEPRECATED_OBJC_IMPLEMENTATIONS = YES;
				CLANG_WARN_DIRECT_OBJC_ISA_USAGE = YES_ERROR;
				CLANG_WARN_DOCUMENTATION_COMMENTS = YES;
				CLANG_WARN_EMPTY_BODY = YES;
				CLANG_WARN_ENUM_CONVERSION = YES;
				CLANG_WARN_INFINITE_RECURSION = YES;
				CLANG_WARN_INT_CONVERSION = YES;
				CLANG_WARN_NON_LITERAL_NULL_CONVERSION = YES;
				CLANG_WARN_OBJC_IMPLICIT_RETAIN_SELF = YES;
				CLANG_WARN_OBJC_LITERAL_CONVERSION = YES;
				CLANG_WARN_OBJC_ROOT_CLASS = YES_ERROR;
				CLANG_WARN_QUOTED_INCLUDE_IN_FRAMEWORK_HEADER = YES;
				CLANG_WARN_RANGE_LOOP_ANALYSIS = YES;
				CLANG_WARN_STRICT_PROTOTYPES = YES;
				CLANG_WARN_SUSPICIOUS_MOVE = YES;
				CLANG_WARN_UNGUARDED_AVAILABILITY = YES_AGGRESSIVE;
				CLANG_WARN_UNREACHABLE_CODE = YES;
				CLANG_WARN__DUPLICATE_METHOD_MATCH = YES;
				COPY_PHASE_STRIP = NO;
				DEBUG_INFORMATION_FORMAT = "dwarf-with-dsym";
				ENABLE_NS_ASSERTIONS = NO;
				ENABLE_STRICT_OBJC_MSGSEND = YES;
				GCC_C_LANGUAGE_STANDARD = gnu11;
				GCC_NO_COMMON_BLOCKS = YES;
				GCC_WARN_64_TO_32_BIT_CONVERSION = YES;
				GCC_WARN_ABOUT_RETURN_TYPE = YES_ERROR;
				GCC_WARN_UNDECLARED_SELECTOR = YES;
				GCC_WARN_UNINITIALIZED_AUTOS = YES_AGGRESSIVE;
				GCC_WARN_UNUSED_FUNCTION = YES;
				GCC_WARN_UNUSED_VARIABLE = YES;
				IPHONEOS_DEPLOYMENT_TARGET = 15.0;
				MTL_ENABLE_DEBUG_INFO = NO;
				MTL_FAST_MATH = YES;
				SDKROOT = iphoneos;
				SWIFT_COMPILATION_MODE = wholemodule;
				SWIFT_OPTIMIZATION_LEVEL = "-O";
				VALIDATE_PRODUCT = YES;
			};
			name = Release;
		};
		642228E0271947EB007AB370 /* Debug */ = {
			isa = XCBuildConfiguration;
			buildSettings = {
				ASSETCATALOG_COMPILER_APPICON_NAME = AppIcon;
				ASSETCATALOG_COMPILER_GLOBAL_ACCENT_COLOR_NAME = AccentColor;
				CODE_SIGN_STYLE = Automatic;
				CURRENT_PROJECT_VERSION = 1;
				GENERATE_INFOPLIST_FILE = YES;
				INFOPLIST_FILE = TrendMediaProject/Info.plist;
				INFOPLIST_KEY_UIApplicationSupportsIndirectInputEvents = YES;
				INFOPLIST_KEY_UILaunchStoryboardName = LaunchScreen;
				INFOPLIST_KEY_UIMainStoryboardFile = Main;
				INFOPLIST_KEY_UISupportedInterfaceOrientations_iPad = "UIInterfaceOrientationPortrait UIInterfaceOrientationPortraitUpsideDown UIInterfaceOrientationLandscapeLeft UIInterfaceOrientationLandscapeRight";
				INFOPLIST_KEY_UISupportedInterfaceOrientations_iPhone = "UIInterfaceOrientationPortrait UIInterfaceOrientationLandscapeLeft UIInterfaceOrientationLandscapeRight";
				LD_RUNPATH_SEARCH_PATHS = (
					"$(inherited)",
					"@executable_path/Frameworks",
				);
				MARKETING_VERSION = 1.0;
				PRODUCT_BUNDLE_IDENTIFIER = com.jmkim.TrendMediaProject;
				PRODUCT_NAME = "$(TARGET_NAME)";
				SWIFT_EMIT_LOC_STRINGS = YES;
				SWIFT_VERSION = 5.0;
				TARGETED_DEVICE_FAMILY = "1,2";
			};
			name = Debug;
		};
		642228E1271947EB007AB370 /* Release */ = {
			isa = XCBuildConfiguration;
			buildSettings = {
				ASSETCATALOG_COMPILER_APPICON_NAME = AppIcon;
				ASSETCATALOG_COMPILER_GLOBAL_ACCENT_COLOR_NAME = AccentColor;
				CODE_SIGN_STYLE = Automatic;
				CURRENT_PROJECT_VERSION = 1;
				GENERATE_INFOPLIST_FILE = YES;
				INFOPLIST_FILE = TrendMediaProject/Info.plist;
				INFOPLIST_KEY_UIApplicationSupportsIndirectInputEvents = YES;
				INFOPLIST_KEY_UILaunchStoryboardName = LaunchScreen;
				INFOPLIST_KEY_UIMainStoryboardFile = Main;
				INFOPLIST_KEY_UISupportedInterfaceOrientations_iPad = "UIInterfaceOrientationPortrait UIInterfaceOrientationPortraitUpsideDown UIInterfaceOrientationLandscapeLeft UIInterfaceOrientationLandscapeRight";
				INFOPLIST_KEY_UISupportedInterfaceOrientations_iPhone = "UIInterfaceOrientationPortrait UIInterfaceOrientationLandscapeLeft UIInterfaceOrientationLandscapeRight";
				LD_RUNPATH_SEARCH_PATHS = (
					"$(inherited)",
					"@executable_path/Frameworks",
				);
				MARKETING_VERSION = 1.0;
				PRODUCT_BUNDLE_IDENTIFIER = com.jmkim.TrendMediaProject;
				PRODUCT_NAME = "$(TARGET_NAME)";
				SWIFT_EMIT_LOC_STRINGS = YES;
				SWIFT_VERSION = 5.0;
				TARGETED_DEVICE_FAMILY = "1,2";
			};
			name = Release;
		};
/* End XCBuildConfiguration section */

/* Begin XCConfigurationList section */
		642228C6271947E9007AB370 /* Build configuration list for PBXProject "TrendMediaProject" */ = {
			isa = XCConfigurationList;
			buildConfigurations = (
				642228DD271947EB007AB370 /* Debug */,
				642228DE271947EB007AB370 /* Release */,
			);
			defaultConfigurationIsVisible = 0;
			defaultConfigurationName = Release;
		};
		642228DF271947EB007AB370 /* Build configuration list for PBXNativeTarget "TrendMediaProject" */ = {
			isa = XCConfigurationList;
			buildConfigurations = (
				642228E0271947EB007AB370 /* Debug */,
				642228E1271947EB007AB370 /* Release */,
			);
			defaultConfigurationIsVisible = 0;
			defaultConfigurationName = Release;
		};
/* End XCConfigurationList section */
	};
	rootObject = 642228C3271947E9007AB370 /* Project object */;
}
